
Microsoft Visual Studio Solution File, Format Version 12.00
# Visual Studio 15
Project("{FAE04EC0-301F-11D3-BF4B-00C04F79EFBC}") = "Assembly-CSharp", "Assembly-CSharp.csproj", "{91413D65-2245-EE09-C4AC-8EC4DD65A0A8}"
EndProject
Project("{FAE04EC0-301F-11D3-BF4B-00C04F79EFBC}") = "Assembly-CSharp-Editor", "Assembly-CSharp-Editor.csproj", "{85F32117-5FB9-291E-1E94-09C73C3D4E21}"
EndProject
Global
	GlobalSection(SolutionConfigurationPlatforms) = preSolution
		Debug|Any CPU = Debug|Any CPU
		Release|Any CPU = Release|Any CPU
	EndGlobalSection
	GlobalSection(ProjectConfigurationPlatforms) = postSolution
		{91413D65-2245-EE09-C4AC-8EC4DD65A0A8}.Debug|Any CPU.ActiveCfg = Debug|Any CPU
		{91413D65-2245-EE09-C4AC-8EC4DD65A0A8}.Debug|Any CPU.Build.0 = Debug|Any CPU
		{91413D65-2245-EE09-C4AC-8EC4DD65A0A8}.Release|Any CPU.ActiveCfg = Release|Any CPU
		{91413D65-2245-EE09-C4AC-8EC4DD65A0A8}.Release|Any CPU.Build.0 = Release|Any CPU
		{85F32117-5FB9-291E-1E94-09C73C3D4E21}.Debug|Any CPU.ActiveCfg = Debug|Any CPU
		{85F32117-5FB9-291E-1E94-09C73C3D4E21}.Debug|Any CPU.Build.0 = Debug|Any CPU
		{85F32117-5FB9-291E-1E94-09C73C3D4E21}.Release|Any CPU.ActiveCfg = Release|Any CPU
		{85F32117-5FB9-291E-1E94-09C73C3D4E21}.Release|Any CPU.Build.0 = Release|Any CPU
	EndGlobalSection
	GlobalSection(SolutionProperties) = preSolution
		HideSolutionNode = FALSE
	EndGlobalSection
EndGlobal
